github.com/go-chi/chi v1.0.0 h1:s/kv1cTXfivYjdKJdyUzNGyAWZ/2t7duW1gKn5ivu+c=
github.com/go-chi/chi v4.1.2+incompatible h1:fGFk2Gmi/YKXk0OmGfBh0WgmN3XB8lVnEyNz34tQRec=
github.com/go-chi/chi v4.1.2+incompatible/go.mod h1:eB3wogJHnLi3x/kFX2A+IbTBlXxmMeXJVKy9tTv1XzQ=
periph.io/x/periph v1.0.0 h1:bwoS1Re14o6WinWbTuZuwX9Yh/5Rco4iNCl/CA+Kca8=
periph.io/x/periph v3.6.4+incompatible h1:8FyXTbu9lcMVofz8mf+cj1pzTLN4V6EuPY2EF+DoJF4=
periph.io/x/periph v3.6.4+incompatible/go.mod h1:EWr+FCIU2dBWz5/wSWeiIUJTriYv9v2j2ENBmgYyy7Y=
